{
  "requires": true,
  "lockfileVersion": 1,
  "dependencies": {
    "@types/mustache": {
      "version": "0.8.30",
      "resolved": "https://registry.npmjs.org/@types/mustache/-/mustache-0.8.30.tgz",
      "integrity": "sha512-z80ZxL9CwGlyyuZ7fz3RBtsxzSasf8R8LeSQYF5xrdFVlkV4fsdJ51U1F1lSFAL+Xwk9Jxe7aueeeBedAi52Eg=="
    }
  }
}
