
Microsoft Visual Studio Solution File, Format Version 12.00
# Visual Studio 15
VisualStudioVersion = 15.0.26228.4
MinimumVisualStudioVersion = 10.0.40219.1
Project("{FAE04EC0-301F-11D3-BF4B-00C04F79EFBC}") = "Repository", "Repository\Repository.csproj", "{67D19860-9041-4509-94F7-E93915DA5278}"
EndProject
Project("{FAE04EC0-301F-11D3-BF4B-00C04F79EFBC}") = "Model", "Model\Model.csproj", "{942E6802-F2E4-42AB-84E4-3F6D8E2BCCF3}"
EndProject
Project("{FAE04EC0-301F-11D3-BF4B-00C04F79EFBC}") = "Presentation", "Presentation\Presentation.csproj", "{70577D6F-DA8D-425D-A9B8-4C6A108A46B8}"
EndProject
Project("{2150E333-8FDC-42A3-9474-1A3956D46DE8}") = "1-DataAccessLayer", "1-DataAccessLayer", "{B86A1EFE-CFDF-43BF-9AA8-74169FFC90A0}"
EndProject
Project("{2150E333-8FDC-42A3-9474-1A3956D46DE8}") = "2-BusinessLogicLayer", "2-BusinessLogicLayer", "{3FC1937E-C1E2-47F1-B2AA-E3D34EB3307C}"
EndProject
Project("{2150E333-8FDC-42A3-9474-1A3956D46DE8}") = "3-ServiceLayer", "3-ServiceLayer", "{F8C3168B-E5D9-49C1-8C44-586C17B31018}"
EndProject
Project("{2150E333-8FDC-42A3-9474-1A3956D46DE8}") = "4-PresentationLayer", "4-PresentationLayer", "{9DEEB267-3847-4966-BAA9-022FAA3EBC36}"
EndProject
Project("{2150E333-8FDC-42A3-9474-1A3956D46DE8}") = "5-UserExperienceLayer", "5-UserExperienceLayer", "{8320FF7E-C833-473B-A534-D403364CCE32}"
EndProject
Project("{FAE04EC0-301F-11D3-BF4B-00C04F79EFBC}") = "WebUIMain", "WebUIMain\WebUIMain.csproj", "{43F5599E-C0D2-42E1-AC07-41CF565A3067}"
EndProject
Project("{2150E333-8FDC-42A3-9474-1A3956D46DE8}") = "6-CustomWebUserControls", "6-CustomWebUserControls", "{04176B2E-C26E-463D-B16F-B5CA829A4B77}"
EndProject
Project("{FAE04EC0-301F-11D3-BF4B-00C04F79EFBC}") = "MyServerControls", "MyServerControls\MyServerControls\MyServerControls.csproj", "{6F5B2578-39C1-4AF3-9FF5-DD80DEA16448}"
EndProject
Project("{FAE04EC0-301F-11D3-BF4B-00C04F79EFBC}") = "WcfService", "WcfService\WcfService.csproj", "{15B3E0D2-6217-493A-A690-158C497F5318}"
EndProject
Project("{FAE04EC0-301F-11D3-BF4B-00C04F79EFBC}") = "TestService", "TestService\TestService.csproj", "{9961CE80-F0D2-4B83-B892-C8424A097010}"
EndProject
Project("{FAE04EC0-301F-11D3-BF4B-00C04F79EFBC}") = "MvcMain", "MvcMain\MvcMain.csproj", "{041340D8-7A1A-4E3D-8304-95ABE317255A}"
EndProject
Project("{FAE04EC0-301F-11D3-BF4B-00C04F79EFBC}") = "ChiKoja", "ChiKoja\ChiKoja.csproj", "{37E92A03-D6D5-40AB-B627-B98898A88AF7}"
EndProject
Project("{2150E333-8FDC-42A3-9474-1A3956D46DE8}") = "7-Android", "7-Android", "{BDEAB301-1106-4537-B46A-D25201BCEBCE}"
EndProject
Project("{FAE04EC0-301F-11D3-BF4B-00C04F79EFBC}") = "ServiceLayer", "ServiceLayer\ServiceLayer.csproj", "{A7FE567B-D17E-4B5E-86C5-7224C753C1DE}"
EndProject
Project("{FAE04EC0-301F-11D3-BF4B-00C04F79EFBC}") = "ModelStd", "ModelStd\ModelStd.csproj", "{A6B55618-2C5C-4B70-AE9E-1C5247EA11DF}"
EndProject
Project("{FAE04EC0-301F-11D3-BF4B-00C04F79EFBC}") = "RepositoryStd", "RepositoryStd\RepositoryStd.csproj", "{F2DA4EAA-6D1F-4819-87C3-C30DF1532CD1}"
EndProject
Project("{FAE04EC0-301F-11D3-BF4B-00C04F79EFBC}") = "TestEntity", "TestEntity\TestEntity.csproj", "{073D0EB3-B253-467E-AE26-FF73CD7CF50E}"
EndProject
Global
	GlobalSection(SolutionConfigurationPlatforms) = preSolution
		Debug|Any CPU = Debug|Any CPU
		Release|Any CPU = Release|Any CPU
	EndGlobalSection
	GlobalSection(ProjectConfigurationPlatforms) = postSolution
		{67D19860-9041-4509-94F7-E93915DA5278}.Debug|Any CPU.ActiveCfg = Debug|Any CPU
		{67D19860-9041-4509-94F7-E93915DA5278}.Debug|Any CPU.Build.0 = Debug|Any CPU
		{67D19860-9041-4509-94F7-E93915DA5278}.Release|Any CPU.ActiveCfg = Release|Any CPU
		{67D19860-9041-4509-94F7-E93915DA5278}.Release|Any CPU.Build.0 = Release|Any CPU
		{942E6802-F2E4-42AB-84E4-3F6D8E2BCCF3}.Debug|Any CPU.ActiveCfg = Debug|Any CPU
		{942E6802-F2E4-42AB-84E4-3F6D8E2BCCF3}.Debug|Any CPU.Build.0 = Debug|Any CPU
		{942E6802-F2E4-42AB-84E4-3F6D8E2BCCF3}.Release|Any CPU.ActiveCfg = Release|Any CPU
		{942E6802-F2E4-42AB-84E4-3F6D8E2BCCF3}.Release|Any CPU.Build.0 = Release|Any CPU
		{70577D6F-DA8D-425D-A9B8-4C6A108A46B8}.Debug|Any CPU.ActiveCfg = Debug|Any CPU
		{70577D6F-DA8D-425D-A9B8-4C6A108A46B8}.Debug|Any CPU.Build.0 = Debug|Any CPU
		{70577D6F-DA8D-425D-A9B8-4C6A108A46B8}.Release|Any CPU.ActiveCfg = Release|Any CPU
		{70577D6F-DA8D-425D-A9B8-4C6A108A46B8}.Release|Any CPU.Build.0 = Release|Any CPU
		{43F5599E-C0D2-42E1-AC07-41CF565A3067}.Debug|Any CPU.ActiveCfg = Debug|Any CPU
		{43F5599E-C0D2-42E1-AC07-41CF565A3067}.Debug|Any CPU.Build.0 = Debug|Any CPU
		{43F5599E-C0D2-42E1-AC07-41CF565A3067}.Release|Any CPU.ActiveCfg = Release|Any CPU
		{43F5599E-C0D2-42E1-AC07-41CF565A3067}.Release|Any CPU.Build.0 = Release|Any CPU
		{6F5B2578-39C1-4AF3-9FF5-DD80DEA16448}.Debug|Any CPU.ActiveCfg = Debug|Any CPU
		{6F5B2578-39C1-4AF3-9FF5-DD80DEA16448}.Debug|Any CPU.Build.0 = Debug|Any CPU
		{6F5B2578-39C1-4AF3-9FF5-DD80DEA16448}.Release|Any CPU.ActiveCfg = Release|Any CPU
		{6F5B2578-39C1-4AF3-9FF5-DD80DEA16448}.Release|Any CPU.Build.0 = Release|Any CPU
		{15B3E0D2-6217-493A-A690-158C497F5318}.Debug|Any CPU.ActiveCfg = Debug|Any CPU
		{15B3E0D2-6217-493A-A690-158C497F5318}.Debug|Any CPU.Build.0 = Debug|Any CPU
		{15B3E0D2-6217-493A-A690-158C497F5318}.Release|Any CPU.ActiveCfg = Release|Any CPU
		{15B3E0D2-6217-493A-A690-158C497F5318}.Release|Any CPU.Build.0 = Release|Any CPU
		{9961CE80-F0D2-4B83-B892-C8424A097010}.Debug|Any CPU.ActiveCfg = Debug|Any CPU
		{9961CE80-F0D2-4B83-B892-C8424A097010}.Debug|Any CPU.Build.0 = Debug|Any CPU
		{9961CE80-F0D2-4B83-B892-C8424A097010}.Release|Any CPU.ActiveCfg = Release|Any CPU
		{9961CE80-F0D2-4B83-B892-C8424A097010}.Release|Any CPU.Build.0 = Release|Any CPU
		{041340D8-7A1A-4E3D-8304-95ABE317255A}.Debug|Any CPU.ActiveCfg = Debug|Any CPU
		{041340D8-7A1A-4E3D-8304-95ABE317255A}.Debug|Any CPU.Build.0 = Debug|Any CPU
		{041340D8-7A1A-4E3D-8304-95ABE317255A}.Release|Any CPU.ActiveCfg = Release|Any CPU
		{041340D8-7A1A-4E3D-8304-95ABE317255A}.Release|Any CPU.Build.0 = Release|Any CPU
		{37E92A03-D6D5-40AB-B627-B98898A88AF7}.Debug|Any CPU.ActiveCfg = Debug|Any CPU
		{37E92A03-D6D5-40AB-B627-B98898A88AF7}.Debug|Any CPU.Build.0 = Debug|Any CPU
		{37E92A03-D6D5-40AB-B627-B98898A88AF7}.Debug|Any CPU.Deploy.0 = Debug|Any CPU
		{37E92A03-D6D5-40AB-B627-B98898A88AF7}.Release|Any CPU.ActiveCfg = Release|Any CPU
		{37E92A03-D6D5-40AB-B627-B98898A88AF7}.Release|Any CPU.Build.0 = Release|Any CPU
		{37E92A03-D6D5-40AB-B627-B98898A88AF7}.Release|Any CPU.Deploy.0 = Release|Any CPU
		{A7FE567B-D17E-4B5E-86C5-7224C753C1DE}.Debug|Any CPU.ActiveCfg = Debug|Any CPU
		{A7FE567B-D17E-4B5E-86C5-7224C753C1DE}.Debug|Any CPU.Build.0 = Debug|Any CPU
		{A7FE567B-D17E-4B5E-86C5-7224C753C1DE}.Release|Any CPU.ActiveCfg = Release|Any CPU
		{A7FE567B-D17E-4B5E-86C5-7224C753C1DE}.Release|Any CPU.Build.0 = Release|Any CPU
		{A6B55618-2C5C-4B70-AE9E-1C5247EA11DF}.Debug|Any CPU.ActiveCfg = Debug|Any CPU
		{A6B55618-2C5C-4B70-AE9E-1C5247EA11DF}.Debug|Any CPU.Build.0 = Debug|Any CPU
		{A6B55618-2C5C-4B70-AE9E-1C5247EA11DF}.Release|Any CPU.ActiveCfg = Release|Any CPU
		{A6B55618-2C5C-4B70-AE9E-1C5247EA11DF}.Release|Any CPU.Build.0 = Release|Any CPU
		{F2DA4EAA-6D1F-4819-87C3-C30DF1532CD1}.Debug|Any CPU.ActiveCfg = Debug|Any CPU
		{F2DA4EAA-6D1F-4819-87C3-C30DF1532CD1}.Debug|Any CPU.Build.0 = Debug|Any CPU
		{F2DA4EAA-6D1F-4819-87C3-C30DF1532CD1}.Release|Any CPU.ActiveCfg = Release|Any CPU
		{F2DA4EAA-6D1F-4819-87C3-C30DF1532CD1}.Release|Any CPU.Build.0 = Release|Any CPU
		{073D0EB3-B253-467E-AE26-FF73CD7CF50E}.Debug|Any CPU.ActiveCfg = Debug|Any CPU
		{073D0EB3-B253-467E-AE26-FF73CD7CF50E}.Debug|Any CPU.Build.0 = Debug|Any CPU
		{073D0EB3-B253-467E-AE26-FF73CD7CF50E}.Release|Any CPU.ActiveCfg = Release|Any CPU
		{073D0EB3-B253-467E-AE26-FF73CD7CF50E}.Release|Any CPU.Build.0 = Release|Any CPU
	EndGlobalSection
	GlobalSection(SolutionProperties) = preSolution
		HideSolutionNode = FALSE
	EndGlobalSection
	GlobalSection(NestedProjects) = preSolution
		{67D19860-9041-4509-94F7-E93915DA5278} = {B86A1EFE-CFDF-43BF-9AA8-74169FFC90A0}
		{942E6802-F2E4-42AB-84E4-3F6D8E2BCCF3} = {3FC1937E-C1E2-47F1-B2AA-E3D34EB3307C}
		{70577D6F-DA8D-425D-A9B8-4C6A108A46B8} = {9DEEB267-3847-4966-BAA9-022FAA3EBC36}
		{43F5599E-C0D2-42E1-AC07-41CF565A3067} = {8320FF7E-C833-473B-A534-D403364CCE32}
		{6F5B2578-39C1-4AF3-9FF5-DD80DEA16448} = {04176B2E-C26E-463D-B16F-B5CA829A4B77}
		{15B3E0D2-6217-493A-A690-158C497F5318} = {F8C3168B-E5D9-49C1-8C44-586C17B31018}
		{9961CE80-F0D2-4B83-B892-C8424A097010} = {F8C3168B-E5D9-49C1-8C44-586C17B31018}
		{041340D8-7A1A-4E3D-8304-95ABE317255A} = {8320FF7E-C833-473B-A534-D403364CCE32}
		{37E92A03-D6D5-40AB-B627-B98898A88AF7} = {BDEAB301-1106-4537-B46A-D25201BCEBCE}
		{A7FE567B-D17E-4B5E-86C5-7224C753C1DE} = {BDEAB301-1106-4537-B46A-D25201BCEBCE}
		{A6B55618-2C5C-4B70-AE9E-1C5247EA11DF} = {3FC1937E-C1E2-47F1-B2AA-E3D34EB3307C}
		{F2DA4EAA-6D1F-4819-87C3-C30DF1532CD1} = {B86A1EFE-CFDF-43BF-9AA8-74169FFC90A0}
		{073D0EB3-B253-467E-AE26-FF73CD7CF50E} = {B86A1EFE-CFDF-43BF-9AA8-74169FFC90A0}
	EndGlobalSection
	GlobalSection(ExtensibilityGlobals) = postSolution
		EnterpriseLibraryConfigurationToolBinariesPath = packages\Unity.2.1.505.2\lib\NET35
	EndGlobalSection
EndGlobal
