{
  "name": "asp.net",
  "version": "1.0.0",
  "lockfileVersion": 1,
  "requires": true,
  "dependencies": {
    "@types/jquery": {
      "version": "3.2.1",
      "resolved": "https://registry.npmjs.org/@types/jquery/-/jquery-3.2.1.tgz",
      "integrity": "sha512-GKqrdd++ADesGEsiZ3zuhlBpOONCeHI5//ShzbReEyoIaKavi0ZPHQSbYH/WaLg8Hxu5ezlqTB8S0GFKyop0qA==",
      "dev": true
    },
    "@types/mustache": {
      "version": "0.8.30",
      "resolved": "https://registry.npmjs.org/@types/mustache/-/mustache-0.8.30.tgz",
      "integrity": "sha512-z80ZxL9CwGlyyuZ7fz3RBtsxzSasf8R8LeSQYF5xrdFVlkV4fsdJ51U1F1lSFAL+Xwk9Jxe7aueeeBedAi52Eg==",
      "dev": true
    }
  }
}
